version = 1
revision = 3
requires-python = ">=3.13"

[[package]]
name = "chardet"
version = "5.2.0"
source = { registry = "https://pypi.org/simple" }
sdist = { url = "https://files.pythonhosted.org/packages/f3/0d/f7b6ab21ec75897ed80c17d79b15951a719226b9fababf1e40ea74d69079/chardet-5.2.0.tar.gz", hash = "sha256:1b3b6ff479a8c414bc3fa2c0852995695c4a026dcd6d0633b2dd092ca39c1cf7", size = 2069618, upload-time = "2023-08-01T19:23:02.662Z" }
wheels = [
    { url = "https://files.pythonhosted.org/packages/38/6f/f5fbc992a329ee4e0f288c1fe0e2ad9485ed064cac731ed2fe47dcc38cbf/chardet-5.2.0-py3-none-any.whl", hash = "sha256:e1cf59446890a00105fe7b7912492ea04b6e6f06d4b742b2c788469e34c82970", size = 199385, upload-time = "2023-08-01T19:23:00.661Z" },
]

[[package]]
name = "colorama"
version = "0.4.6"
source = { registry = "https://pypi.org/simple" }
sdist = { url = "https://files.pythonhosted.org/packages/d8/53/6f443c9a4a8358a93a6792e2acffb9d9d5cb0a5cfd8802644b7b1c9a02e4/colorama-0.4.6.tar.gz", hash = "sha256:08695f5cb7ed6e0531a20572697297273c47b8cae5a63ffc6d6ed5c201be6e44", size = 27697, upload-time = "2022-10-25T02:36:22.414Z" }
wheels = [
    { url = "https://files.pythonhosted.org/packages/d1/d6/3965ed04c63042e047cb6a3e6ed1a63a35087b6a609aa3a15ed8ac56c221/colorama-0.4.6-py2.py3-none-any.whl", hash = "sha256:4f1d9991f5acc0ca119f9d443620b77f9d6b33703e51011c16baf57afb285fc6", size = 25335, upload-time = "2022-10-25T02:36:20.889Z" },
]

[[package]]
name = "dataproperty"
version = "1.1.0"
source = { registry = "https://pypi.org/simple" }
dependencies = [
    { name = "mbstrdecoder" },
    { name = "typepy", extra = ["datetime"] },
]
sdist = { url = "https://files.pythonhosted.org/packages/0b/81/8c8b64ae873cb9014815214c07b63b12e3b18835780fb342223cfe3fe7d8/dataproperty-1.1.0.tar.gz", hash = "sha256:b038437a4097d1a1c497695c3586ea34bea67fdd35372b9a50f30bf044d77d04", size = 42574, upload-time = "2024-12-31T14:37:26.033Z" }
wheels = [
    { url = "https://files.pythonhosted.org/packages/21/c2/e12e95e289e6081a40454199ab213139ef16a528c7c86432de545b05a23a/DataProperty-1.1.0-py3-none-any.whl", hash = "sha256:c61fcb2e2deca35e6d1eb1f251a7f22f0dcde63e80e61f0cc18c19f42abfd25b", size = 27581, upload-time = "2024-12-31T14:37:22.657Z" },
]

[[package]]
name = "mbstrdecoder"
version = "1.1.4"
source = { registry = "https://pypi.org/simple" }
dependencies = [
    { name = "chardet" },
]
sdist = { url = "https://files.pythonhosted.org/packages/31/ab/05ae008357c8bdb6245ebf8a101d99f26c096e0ea20800b318153da23796/mbstrdecoder-1.1.4.tar.gz", hash = "sha256:8105ef9cf6b7d7d69fe7fd6b68a2d8f281ca9b365d7a9b670be376b2e6c81b21", size = 14527, upload-time = "2025-01-18T10:07:31.089Z" }
wheels = [
    { url = "https://files.pythonhosted.org/packages/30/ac/5ce64a1d4cce00390beab88622a290420401f1cabf05caf2fc0995157c21/mbstrdecoder-1.1.4-py3-none-any.whl", hash = "sha256:03dae4ec50ec0d2ff4743e63fdbd5e0022815857494d35224b60775d3d934a8c", size = 7933, upload-time = "2025-01-18T10:07:29.562Z" },
]

[[package]]
name = "packaging"
version = "26.0"
source = { registry = "https://pypi.org/simple" }
sdist = { url = "https://files.pythonhosted.org/packages/65/ee/299d360cdc32edc7d2cf530f3accf79c4fca01e96ffc950d8a52213bd8e4/packaging-26.0.tar.gz", hash = "sha256:00243ae351a257117b6a241061796684b084ed1c516a08c48a3f7e147a9d80b4", size = 143416, upload-time = "2026-01-21T20:50:39.064Z" }
wheels = [
    { url = "https://files.pythonhosted.org/packages/b7/b9/c538f279a4e237a006a2c98387d081e9eb060d203d8ed34467cc0f0b9b53/packaging-26.0-py3-none-any.whl", hash = "sha256:b36f1fef9334a5588b4166f8bcd26a14e521f2b55e6b9de3aaa80d3ff7a37529", size = 74366, upload-time = "2026-01-21T20:50:37.788Z" },
]

[[package]]
name = "pathvalidate"
version = "3.3.1"
source = { registry = "https://pypi.org/simple" }
sdist = { url = "https://files.pythonhosted.org/packages/fa/2a/52a8da6fe965dea6192eb716b357558e103aea0a1e9a8352ad575a8406ca/pathvalidate-3.3.1.tar.gz", hash = "sha256:b18c07212bfead624345bb8e1d6141cdcf15a39736994ea0b94035ad2b1ba177", size = 63262, upload-time = "2025-06-15T09:07:20.736Z" }
wheels = [
    { url = "https://files.pythonhosted.org/packages/9a/70/875f4a23bfc4731703a5835487d0d2fb999031bd415e7d17c0ae615c18b7/pathvalidate-3.3.1-py3-none-any.whl", hash = "sha256:5263baab691f8e1af96092fa5137ee17df5bdfbd6cff1fcac4d6ef4bc2e1735f", size = 24305, upload-time = "2025-06-15T09:07:19.117Z" },
]

[[package]]
name = "pytablewriter"
version = "1.2.1"
source = { registry = "https://pypi.org/simple" }
dependencies = [
    { name = "dataproperty" },
    { name = "mbstrdecoder" },
    { name = "pathvalidate" },
    { name = "setuptools" },
    { name = "tabledata" },
    { name = "tcolorpy" },
    { name = "typepy", extra = ["datetime"] },
]
sdist = { url = "https://files.pythonhosted.org/packages/f6/a1/617730f290f04d347103ab40bf67d317df6691b14746f6e1ea039fb57062/pytablewriter-1.2.1.tar.gz", hash = "sha256:7bd0f4f397e070e3b8a34edcf1b9257ccbb18305493d8350a5dbc9957fced959", size = 619241, upload-time = "2025-01-01T15:37:00.04Z" }
wheels = [
    { url = "https://files.pythonhosted.org/packages/21/4c/c199512f01c845dfe5a7840ab3aae6c60463b5dc2a775be72502dfd9170a/pytablewriter-1.2.1-py3-none-any.whl", hash = "sha256:e906ff7ff5151d70a5f66e0f7b75642a7f2dce8d893c265b79cc9cf6bc04ddb4", size = 91083, upload-time = "2025-01-01T15:36:55.63Z" },
]

[[package]]
name = "python-dateutil"
version = "2.9.0.post0"
source = { registry = "https://pypi.org/simple" }
dependencies = [
    { name = "six" },
]
sdist = { url = "https://files.pythonhosted.org/packages/66/c0/0c8b6ad9f17a802ee498c46e004a0eb49bc148f2fd230864601a86dcf6db/python-dateutil-2.9.0.post0.tar.gz", hash = "sha256:37dd54208da7e1cd875388217d5e00ebd4179249f90fb72437e91a35459a0ad3", size = 342432, upload-time = "2024-03-01T18:36:20.211Z" }
wheels = [
    { url = "https://files.pythonhosted.org/packages/ec/57/56b9bcc3c9c6a792fcbaf139543cee77261f3651ca9da0c93f5c1221264b/python_dateutil-2.9.0.post0-py2.py3-none-any.whl", hash = "sha256:a8b2bc7bffae282281c8140a97d3aa9c14da0b136dfe83f850eea9a5f7470427", size = 229892, upload-time = "2024-03-01T18:36:18.57Z" },
]

[[package]]
name = "pytz"
version = "2026.1.post1"
source = { registry = "https://pypi.org/simple" }
sdist = { url = "https://files.pythonhosted.org/packages/56/db/b8721d71d945e6a8ac63c0fc900b2067181dbb50805958d4d4661cf7d277/pytz-2026.1.post1.tar.gz", hash = "sha256:3378dde6a0c3d26719182142c56e60c7f9af7e968076f31aae569d72a0358ee1", size = 321088, upload-time = "2026-03-03T07:47:50.683Z" }
wheels = [
    { url = "https://files.pythonhosted.org/packages/10/99/781fe0c827be2742bcc775efefccb3b048a3a9c6ce9aec0cbf4a101677e5/pytz-2026.1.post1-py2.py3-none-any.whl", hash = "sha256:f2fd16142fda348286a75e1a524be810bb05d444e5a081f37f7affc635035f7a", size = 510489, upload-time = "2026-03-03T07:47:49.167Z" },
]

[[package]]
name = "rustle"
version = "0.1.0"
source = { virtual = "." }
dependencies = [
    { name = "pytablewriter" },
    { name = "toml" },
    { name = "tqdm" },
]

[package.metadata]
requires-dist = [
    { name = "pytablewriter" },
    { name = "toml" },
    { name = "tqdm" },
]

[[package]]
name = "setuptools"
version = "82.0.1"
source = { registry = "https://pypi.org/simple" }
sdist = { url = "https://files.pythonhosted.org/packages/4f/db/cfac1baf10650ab4d1c111714410d2fbb77ac5a616db26775db562c8fab2/setuptools-82.0.1.tar.gz", hash = "sha256:7d872682c5d01cfde07da7bccc7b65469d3dca203318515ada1de5eda35efbf9", size = 1152316, upload-time = "2026-03-09T12:47:17.221Z" }
wheels = [
    { url = "https://files.pythonhosted.org/packages/9d/76/f789f7a86709c6b087c5a2f52f911838cad707cc613162401badc665acfe/setuptools-82.0.1-py3-none-any.whl", hash = "sha256:a59e362652f08dcd477c78bb6e7bd9d80a7995bc73ce773050228a348ce2e5bb", size = 1006223, upload-time = "2026-03-09T12:47:15.026Z" },
]

[[package]]
name = "six"
version = "1.17.0"
source = { registry = "https://pypi.org/simple" }
sdist = { url = "https://files.pythonhosted.org/packages/94/e7/b2c673351809dca68a0e064b6af791aa332cf192da575fd474ed7d6f16a2/six-1.17.0.tar.gz", hash = "sha256:ff70335d468e7eb6ec65b95b99d3a2836546063f63acc5171de367e834932a81", size = 34031, upload-time = "2024-12-04T17:35:28.174Z" }
wheels = [
    { url = "https://files.pythonhosted.org/packages/b7/ce/149a00dd41f10bc29e5921b496af8b574d8413afcd5e30dfa0ed46c2cc5e/six-1.17.0-py2.py3-none-any.whl", hash = "sha256:4721f391ed90541fddacab5acf947aa0d3dc7d27b2e1e8eda2be8970586c3274", size = 11050, upload-time = "2024-12-04T17:35:26.475Z" },
]

[[package]]
name = "tabledata"
version = "1.3.4"
source = { registry = "https://pypi.org/simple" }
dependencies = [
    { name = "dataproperty" },
    { name = "typepy" },
]
sdist = { url = "https://files.pythonhosted.org/packages/b2/35/171c8977162f1163368406deddde4c59673b62bd0cb2f34948a02effb075/tabledata-1.3.4.tar.gz", hash = "sha256:e9649cab129d718f3bff4150083b77f8a78c30f6634a30caf692b10fdc60cb97", size = 25074, upload-time = "2024-12-31T14:12:31.198Z" }
wheels = [
    { url = "https://files.pythonhosted.org/packages/08/64/fa4160151976ee4b2cf0c1217a99443ffaeb991956feddfeac9eee9952f8/tabledata-1.3.4-py3-none-any.whl", hash = "sha256:1f56e433bfdeb89f4487abfa48c4603a3b07c5d3a3c7e05ff73dd018c24bd0d4", size = 11820, upload-time = "2024-12-31T14:12:28.584Z" },
]

[[package]]
name = "tcolorpy"
version = "0.1.7"
source = { registry = "https://pypi.org/simple" }
sdist = { url = "https://files.pythonhosted.org/packages/80/cc/44f2d81d8f9093aad81c3467a5bf5718d2b5f786e887b6e4adcfc17ec6b9/tcolorpy-0.1.7.tar.gz", hash = "sha256:0fbf6bf238890bbc2e32662aa25736769a29bf6d880328f310c910a327632614", size = 299437, upload-time = "2024-12-29T15:24:23.847Z" }
wheels = [
    { url = "https://files.pythonhosted.org/packages/05/a2/ed023f2edd1e011b4d99b6727bce8253842d66c3fbf9ed0a26fc09a92571/tcolorpy-0.1.7-py3-none-any.whl", hash = "sha256:26a59d52027e175a37e0aba72efc99dda43f074db71f55b316d3de37d3251378", size = 8096, upload-time = "2024-12-29T15:24:21.33Z" },
]

[[package]]
name = "toml"
version = "0.10.2"
source = { registry = "https://pypi.org/simple" }
sdist = { url = "https://files.pythonhosted.org/packages/be/ba/1f744cdc819428fc6b5084ec34d9b30660f6f9daaf70eead706e3203ec3c/toml-0.10.2.tar.gz", hash = "sha256:b3bda1d108d5dd99f4a20d24d9c348e91c4db7ab1b749200bded2f839ccbe68f", size = 22253, upload-time = "2020-11-01T01:40:22.204Z" }
wheels = [
    { url = "https://files.pythonhosted.org/packages/44/6f/7120676b6d73228c96e17f1f794d8ab046fc910d781c8d151120c3f1569e/toml-0.10.2-py2.py3-none-any.whl", hash = "sha256:806143ae5bfb6a3c6e736a764057db0e6a0e05e338b5630894a5f779cabb4f9b", size = 16588, upload-time = "2020-11-01T01:40:20.672Z" },
]

[[package]]
name = "tqdm"
version = "4.67.3"
source = { registry = "https://pypi.org/simple" }
dependencies = [
    { name = "colorama", marker = "sys_platform == 'win32'" },
]
sdist = { url = "https://files.pythonhosted.org/packages/09/a9/6ba95a270c6f1fbcd8dac228323f2777d886cb206987444e4bce66338dd4/tqdm-4.67.3.tar.gz", hash = "sha256:7d825f03f89244ef73f1d4ce193cb1774a8179fd96f31d7e1dcde62092b960bb", size = 169598, upload-time = "2026-02-03T17:35:53.048Z" }
wheels = [
    { url = "https://files.pythonhosted.org/packages/16/e1/3079a9ff9b8e11b846c6ac5c8b5bfb7ff225eee721825310c91b3b50304f/tqdm-4.67.3-py3-none-any.whl", hash = "sha256:ee1e4c0e59148062281c49d80b25b67771a127c85fc9676d3be5f243206826bf", size = 78374, upload-time = "2026-02-03T17:35:50.982Z" },
]

[[package]]
name = "typepy"
version = "1.3.4"
source = { registry = "https://pypi.org/simple" }
dependencies = [
    { name = "mbstrdecoder" },
]
sdist = { url = "https://files.pythonhosted.org/packages/79/59/4c39942077d7de285f762a91024dbda731be693591732977358f77d120fb/typepy-1.3.4.tar.gz", hash = "sha256:89c1f66de6c6133209c43a94d23431d320ba03ef5db18f241091ea594035d9de", size = 39558, upload-time = "2024-12-29T09:18:15.774Z" }
wheels = [
    { url = "https://files.pythonhosted.org/packages/ee/31/e393c3830bdedd01735bd195c85ac3034b6bcaf6c18142bab60a4047ca36/typepy-1.3.4-py3-none-any.whl", hash = "sha256:d5ed3e0c7f49521bff0603dd08cf8d453371cf68d65a29d3d0038552ccc46e2e", size = 31449, upload-time = "2024-12-29T09:18:13.135Z" },
]

[package.optional-dependencies]
datetime = [
    { name = "packaging" },
    { name = "python-dateutil" },
    { name = "pytz" },
]
