# This file is automatically @generated by Cargo.
# It is not intended for manual editing.
version = 4

[[package]]
name = "aho-corasick"
version = "1.1.4"
source = "registry+https://github.com/rust-lang/crates.io-index"
checksum = "ddd31a130427c27518df266943a5308ed92d4b226cc639f5a8f1002816174301"
dependencies = [
 "memchr",
]

[[package]]
name = "all_call"
version = "0.1.0"
dependencies = [
 "llvm-sys",
 "near_core",
]

[[package]]
name = "anyhow"
version = "1.0.102"
source = "registry+https://github.com/rust-lang/crates.io-index"
checksum = "7f202df86484c868dbad7eaa557ef785d5c66295e41b460ef922eca0723b842c"

[[package]]
name = "callback"
version = "0.1.0"
dependencies = [
 "llvm-sys",
 "near_core",
]

[[package]]
name = "cc"
version = "1.2.57"
source = "registry+https://github.com/rust-lang/crates.io-index"
checksum = "7a0dd1ca384932ff3641c8718a02769f1698e7563dc6974ffd03346116310423"
dependencies = [
 "find-msvc-tools",
 "shlex",
]

[[package]]
name = "complex_loop"
version = "0.1.0"
dependencies = [
 "llvm-sys",
 "near_core",
]

[[package]]
name = "div_before_mul"
version = "0.1.0"
dependencies = [
 "llvm-sys",
 "near_core",
]

[[package]]
name = "ext_call"
version = "0.1.0"
dependencies = [
 "llvm-sys",
 "near_core",
 "regex",
]

[[package]]
name = "ext_call_trait"
version = "0.1.0"
dependencies = [
 "llvm-sys",
 "near_core",
]

[[package]]
name = "find-msvc-tools"
version = "0.1.9"
source = "registry+https://github.com/rust-lang/crates.io-index"
checksum = "5baebc0774151f905a1a2cc41989300b1e6fbb29aff0ceffa1064fdd3088d582"

[[package]]
name = "lazy_static"
version = "1.5.0"
source = "registry+https://github.com/rust-lang/crates.io-index"
checksum = "bbd2bcb4c963f2ddae06a2efc7e9f3591312473c50c6685e1f298068316e66fe"

[[package]]
name = "libc"
version = "0.2.183"
source = "registry+https://github.com/rust-lang/crates.io-index"
checksum = "b5b646652bf6661599e1da8901b3b9522896f01e736bad5f723fe7a3a27f899d"

[[package]]
name = "llvm-sys"
version = "211.0.0"
source = "registry+https://github.com/rust-lang/crates.io-index"
checksum = "108b3ad2b2eaf2a561fc74196273b20e3436e4a688b8b44e250d83974dc1b2e2"
dependencies = [
 "anyhow",
 "cc",
 "lazy_static",
 "libc",
 "regex-lite",
 "semver",
]

[[package]]
name = "memchr"
version = "2.8.0"
source = "registry+https://github.com/rust-lang/crates.io-index"
checksum = "f8ca58f447f06ed17d5fc4043ce1b10dd205e060fb3ce5b979b8ed8e59ff3f79"

[[package]]
name = "missing_owner_check"
version = "0.1.0"
dependencies = [
 "llvm-sys",
 "near_core",
]

[[package]]
name = "near_core"
version = "0.1.0"
dependencies = [
 "libc",
 "llvm-sys",
 "regex",
]

[[package]]
name = "nep_interface"
version = "0.1.0"
dependencies = [
 "llvm-sys",
 "near_core",
 "regex",
]

[[package]]
name = "nft_approval_check"
version = "0.1.0"
dependencies = [
 "llvm-sys",
 "near_core",
]

[[package]]
name = "nft_owner_check"
version = "0.1.0"
dependencies = [
 "llvm-sys",
 "near_core",
]

[[package]]
name = "prepaid_gas"
version = "0.1.0"
dependencies = [
 "llvm-sys",
 "near_core",
]

[[package]]
name = "promise_result"
version = "0.1.0"
dependencies = [
 "llvm-sys",
 "near_core",
]

[[package]]
name = "reentrancy"
version = "0.1.0"
dependencies = [
 "llvm-sys",
 "near_core",
]

[[package]]
name = "regex"
version = "1.12.3"
source = "registry+https://github.com/rust-lang/crates.io-index"
checksum = "e10754a14b9137dd7b1e3e5b0493cc9171fdd105e0ab477f51b72e7f3ac0e276"
dependencies = [
 "aho-corasick",
 "memchr",
 "regex-automata",
 "regex-syntax",
]

[[package]]
name = "regex-automata"
version = "0.4.14"
source = "registry+https://github.com/rust-lang/crates.io-index"
checksum = "6e1dd4122fc1595e8162618945476892eefca7b88c52820e74af6262213cae8f"
dependencies = [
 "aho-corasick",
 "memchr",
 "regex-syntax",
]

[[package]]
name = "regex-lite"
version = "0.1.9"
source = "registry+https://github.com/rust-lang/crates.io-index"
checksum = "cab834c73d247e67f4fae452806d17d3c7501756d98c8808d7c9c7aa7d18f973"

[[package]]
name = "regex-syntax"
version = "0.8.10"
source = "registry+https://github.com/rust-lang/crates.io-index"
checksum = "dc897dd8d9e8bd1ed8cdad82b5966c3e0ecae09fb1907d58efaa013543185d0a"

[[package]]
name = "round"
version = "0.1.0"
dependencies = [
 "llvm-sys",
 "near_core",
]

[[package]]
name = "self_transfer"
version = "0.1.0"
dependencies = [
 "llvm-sys",
 "near_core",
]

[[package]]
name = "semver"
version = "1.0.27"
source = "registry+https://github.com/rust-lang/crates.io-index"
checksum = "d767eb0aabc880b29956c35734170f26ed551a859dbd361d140cdbeca61ab1e2"

[[package]]
name = "shlex"
version = "1.3.0"
source = "registry+https://github.com/rust-lang/crates.io-index"
checksum = "0fda2ff0d084019ba4d7c6f371c95d8fd75ce3524c3cb8fb653a3023f6323e64"

[[package]]
name = "state_change_before_call"
version = "0.1.0"
dependencies = [
 "llvm-sys",
 "near_core",
]

[[package]]
name = "storage_gas"
version = "0.1.0"
dependencies = [
 "llvm-sys",
 "near_core",
]

[[package]]
name = "struct_member"
version = "0.1.0"
dependencies = [
 "llvm-sys",
 "near_core",
]

[[package]]
name = "timestamp"
version = "0.1.0"
dependencies = [
 "llvm-sys",
 "near_core",
]

[[package]]
name = "transfer"
version = "0.1.0"
dependencies = [
 "llvm-sys",
 "near_core",
]

[[package]]
name = "unchecked_promise_result"
version = "0.1.0"
dependencies = [
 "llvm-sys",
 "near_core",
]

[[package]]
name = "unclaimed_storage_fee"
version = "0.1.0"
dependencies = [
 "llvm-sys",
 "near_core",
]

[[package]]
name = "unhandled_promise"
version = "0.1.0"
dependencies = [
 "llvm-sys",
 "near_core",
]

[[package]]
name = "unregistered_receiver"
version = "0.1.0"
dependencies = [
 "llvm-sys",
 "near_core",
]

[[package]]
name = "unsafe_math"
version = "0.1.0"
dependencies = [
 "llvm-sys",
 "near_core",
]

[[package]]
name = "unsaved_changes"
version = "0.1.0"
dependencies = [
 "llvm-sys",
 "near_core",
]

[[package]]
name = "upgrade_func"
version = "0.1.0"
dependencies = [
 "llvm-sys",
 "near_core",
]

[[package]]
name = "yocto_attach"
version = "0.1.0"
dependencies = [
 "llvm-sys",
 "near_core",
]
